
Microsoft Visual Studio Solution File, Format Version 12.00
# Visual Studio Version 17
VisualStudioVersion = 17.3.32825.248
MinimumVisualStudioVersion = 10.0.40219.1
Project("{FAE04EC0-301F-11D3-BF4B-00C04F79EFBC}") = "FactoryMethod", "FactoryMethod\FactoryMethod.csproj", "{098F3708-0A7E-42A4-AE42-1CD26994B1E1}"
EndProject
Global
	GlobalSection(SolutionConfigurationPlatforms) = preSolution
		Debug|Any CPU = Debug|Any CPU
		Release|Any CPU = Release|Any CPU
	EndGlobalSection
	GlobalSection(ProjectConfigurationPlatforms) = postSolution
		{098F3708-0A7E-42A4-AE42-1CD26994B1E1}.Debug|Any CPU.ActiveCfg = Debug|Any CPU
		{098F3708-0A7E-42A4-AE42-1CD26994B1E1}.Debug|Any CPU.Build.0 = Debug|Any CPU
		{098F3708-0A7E-42A4-AE42-1CD26994B1E1}.Release|Any CPU.ActiveCfg = Release|Any CPU
		{098F3708-0A7E-42A4-AE42-1CD26994B1E1}.Release|Any CPU.Build.0 = Release|Any CPU
	EndGlobalSection
	GlobalSection(SolutionProperties) = preSolution
		HideSolutionNode = FALSE
	EndGlobalSection
	GlobalSection(ExtensibilityGlobals) = postSolution
		SolutionGuid = {26942314-37F6-496B-BE1A-208366D2C7FC}
	EndGlobalSection
EndGlobal
